
Microsoft Visual Studio Solution File, Format Version 12.00
# Visual Studio Version 17
VisualStudioVersion = 17.11.35327.3
MinimumVisualStudioVersion = 10.0.40219.1
Project("{FAE04EC0-301F-11D3-BF4B-00C04F79EFBC}") = "Pokemon", "Pokemon\Pokemon.csproj", "{954EF3CF-6D62-4CBE-BC50-3D3661BD3792}"
EndProject
Project("{FAE04EC0-301F-11D3-BF4B-00C04F79EFBC}") = "Repository", "Repository\Repository.csproj", "{56875AF9-1BED-4A92-B8A9-4AC3F5118FDA}"
EndProject
Project("{FAE04EC0-301F-11D3-BF4B-00C04F79EFBC}") = "Services", "Services\Services.csproj", "{FD4D3DCC-CBA3-41EC-AE51-1A05E8C19643}"
EndProject
Global
	GlobalSection(SolutionConfigurationPlatforms) = preSolution
		Debug|Any CPU = Debug|Any CPU
		Release|Any CPU = Release|Any CPU
	EndGlobalSection
	GlobalSection(ProjectConfigurationPlatforms) = postSolution
		{954EF3CF-6D62-4CBE-BC50-3D3661BD3792}.Debug|Any CPU.ActiveCfg = Debug|Any CPU
		{954EF3CF-6D62-4CBE-BC50-3D3661BD3792}.Debug|Any CPU.Build.0 = Debug|Any CPU
		{954EF3CF-6D62-4CBE-BC50-3D3661BD3792}.Release|Any CPU.ActiveCfg = Release|Any CPU
		{954EF3CF-6D62-4CBE-BC50-3D3661BD3792}.Release|Any CPU.Build.0 = Release|Any CPU
		{56875AF9-1BED-4A92-B8A9-4AC3F5118FDA}.Debug|Any CPU.ActiveCfg = Debug|Any CPU
		{56875AF9-1BED-4A92-B8A9-4AC3F5118FDA}.Debug|Any CPU.Build.0 = Debug|Any CPU
		{56875AF9-1BED-4A92-B8A9-4AC3F5118FDA}.Release|Any CPU.ActiveCfg = Release|Any CPU
		{56875AF9-1BED-4A92-B8A9-4AC3F5118FDA}.Release|Any CPU.Build.0 = Release|Any CPU
		{FD4D3DCC-CBA3-41EC-AE51-1A05E8C19643}.Debug|Any CPU.ActiveCfg = Debug|Any CPU
		{FD4D3DCC-CBA3-41EC-AE51-1A05E8C19643}.Debug|Any CPU.Build.0 = Debug|Any CPU
		{FD4D3DCC-CBA3-41EC-AE51-1A05E8C19643}.Release|Any CPU.ActiveCfg = Release|Any CPU
		{FD4D3DCC-CBA3-41EC-AE51-1A05E8C19643}.Release|Any CPU.Build.0 = Release|Any CPU
	EndGlobalSection
	GlobalSection(SolutionProperties) = preSolution
		HideSolutionNode = FALSE
	EndGlobalSection
	GlobalSection(ExtensibilityGlobals) = postSolution
		SolutionGuid = {0FA6E925-F9B4-4564-B4F1-EE6066798881}
	EndGlobalSection
EndGlobal
